
Microsoft Visual Studio Solution File, Format Version 12.00
# Visual Studio Version 17
VisualStudioVersion = 17.9.34622.214
MinimumVisualStudioVersion = 10.0.40219.1
Project("{9A19103F-16F7-4668-BE54-9A1E7A4F7556}") = "StocksService", "StocksService\StocksService.csproj", "{38696413-5D4D-4C4F-AE0A-01B3BB6BCC46}"
EndProject
Project("{9A19103F-16F7-4668-BE54-9A1E7A4F7556}") = "WebApi", "StocksPortfolio.Api\WebApi.csproj", "{CE6E497A-266D-4A63-8B37-C7F16547D784}"
	ProjectSection(ProjectDependencies) = postProject
		{7DED923E-241D-43AB-A08F-21171B6EC98E} = {7DED923E-241D-43AB-A08F-21171B6EC98E}
	EndProjectSection
EndProject
Project("{9A19103F-16F7-4668-BE54-9A1E7A4F7556}") = "WebHost", "StocksPortfolio.Core\WebHost.csproj", "{A7BA7161-1A0C-433C-8CEB-94848795E387}"
EndProject
Project("{9A19103F-16F7-4668-BE54-9A1E7A4F7556}") = "Infrastructure", "StocksPortfolio.Infrastructure\Infrastructure.csproj", "{9368CB53-892A-4508-A506-3F6D8BF0C28B}"
	ProjectSection(ProjectDependencies) = postProject
		{7DED923E-241D-43AB-A08F-21171B6EC98E} = {7DED923E-241D-43AB-A08F-21171B6EC98E}
	EndProjectSection
EndProject
Project("{9A19103F-16F7-4668-BE54-9A1E7A4F7556}") = "Domain", "StocksPortfolio.Application.Interfaces\Domain.csproj", "{7DED923E-241D-43AB-A08F-21171B6EC98E}"
EndProject
Project("{9A19103F-16F7-4668-BE54-9A1E7A4F7556}") = "Application", "StocksPortfolio.Application\Application.csproj", "{7E074923-9FA3-460A-AE68-89A93A5DF154}"
	ProjectSection(ProjectDependencies) = postProject
		{7DED923E-241D-43AB-A08F-21171B6EC98E} = {7DED923E-241D-43AB-A08F-21171B6EC98E}
	EndProjectSection
EndProject
Project("{9A19103F-16F7-4668-BE54-9A1E7A4F7556}") = "Tests", "Tests\Tests.csproj", "{5FD9A333-690D-4078-991F-EA84DA9A1CD9}"
	ProjectSection(ProjectDependencies) = postProject
		{38696413-5D4D-4C4F-AE0A-01B3BB6BCC46} = {38696413-5D4D-4C4F-AE0A-01B3BB6BCC46}
		{7DED923E-241D-43AB-A08F-21171B6EC98E} = {7DED923E-241D-43AB-A08F-21171B6EC98E}
	EndProjectSection
EndProject
Project("{2150E333-8FDC-42A3-9474-1A3956D46DE8}") = "src", "src", "{FCD0A0D4-0F7D-4BCA-B8B8-756815D87E3C}"
EndProject
Project("{2150E333-8FDC-42A3-9474-1A3956D46DE8}") = "test", "test", "{027CD0CE-E769-4B1E-BC4D-F6D8A4567DE4}"
EndProject
Global
	GlobalSection(SolutionConfigurationPlatforms) = preSolution
		Debug|Any CPU = Debug|Any CPU
		Release|Any CPU = Release|Any CPU
	EndGlobalSection
	GlobalSection(ProjectConfigurationPlatforms) = postSolution
		{38696413-5D4D-4C4F-AE0A-01B3BB6BCC46}.Debug|Any CPU.ActiveCfg = Debug|Any CPU
		{38696413-5D4D-4C4F-AE0A-01B3BB6BCC46}.Debug|Any CPU.Build.0 = Debug|Any CPU
		{38696413-5D4D-4C4F-AE0A-01B3BB6BCC46}.Release|Any CPU.ActiveCfg = Release|Any CPU
		{38696413-5D4D-4C4F-AE0A-01B3BB6BCC46}.Release|Any CPU.Build.0 = Release|Any CPU
		{CE6E497A-266D-4A63-8B37-C7F16547D784}.Debug|Any CPU.ActiveCfg = Debug|Any CPU
		{CE6E497A-266D-4A63-8B37-C7F16547D784}.Debug|Any CPU.Build.0 = Debug|Any CPU
		{CE6E497A-266D-4A63-8B37-C7F16547D784}.Release|Any CPU.ActiveCfg = Release|Any CPU
		{CE6E497A-266D-4A63-8B37-C7F16547D784}.Release|Any CPU.Build.0 = Release|Any CPU
		{A7BA7161-1A0C-433C-8CEB-94848795E387}.Debug|Any CPU.ActiveCfg = Debug|Any CPU
		{A7BA7161-1A0C-433C-8CEB-94848795E387}.Debug|Any CPU.Build.0 = Debug|Any CPU
		{A7BA7161-1A0C-433C-8CEB-94848795E387}.Release|Any CPU.ActiveCfg = Release|Any CPU
		{A7BA7161-1A0C-433C-8CEB-94848795E387}.Release|Any CPU.Build.0 = Release|Any CPU
		{9368CB53-892A-4508-A506-3F6D8BF0C28B}.Debug|Any CPU.ActiveCfg = Debug|Any CPU
		{9368CB53-892A-4508-A506-3F6D8BF0C28B}.Debug|Any CPU.Build.0 = Debug|Any CPU
		{9368CB53-892A-4508-A506-3F6D8BF0C28B}.Release|Any CPU.ActiveCfg = Release|Any CPU
		{9368CB53-892A-4508-A506-3F6D8BF0C28B}.Release|Any CPU.Build.0 = Release|Any CPU
		{7DED923E-241D-43AB-A08F-21171B6EC98E}.Debug|Any CPU.ActiveCfg = Debug|Any CPU
		{7DED923E-241D-43AB-A08F-21171B6EC98E}.Debug|Any CPU.Build.0 = Debug|Any CPU
		{7DED923E-241D-43AB-A08F-21171B6EC98E}.Release|Any CPU.ActiveCfg = Release|Any CPU
		{7DED923E-241D-43AB-A08F-21171B6EC98E}.Release|Any CPU.Build.0 = Release|Any CPU
		{7E074923-9FA3-460A-AE68-89A93A5DF154}.Debug|Any CPU.ActiveCfg = Debug|Any CPU
		{7E074923-9FA3-460A-AE68-89A93A5DF154}.Debug|Any CPU.Build.0 = Debug|Any CPU
		{7E074923-9FA3-460A-AE68-89A93A5DF154}.Release|Any CPU.ActiveCfg = Release|Any CPU
		{7E074923-9FA3-460A-AE68-89A93A5DF154}.Release|Any CPU.Build.0 = Release|Any CPU
		{5FD9A333-690D-4078-991F-EA84DA9A1CD9}.Debug|Any CPU.ActiveCfg = Debug|Any CPU
		{5FD9A333-690D-4078-991F-EA84DA9A1CD9}.Debug|Any CPU.Build.0 = Debug|Any CPU
		{5FD9A333-690D-4078-991F-EA84DA9A1CD9}.Release|Any CPU.ActiveCfg = Release|Any CPU
		{5FD9A333-690D-4078-991F-EA84DA9A1CD9}.Release|Any CPU.Build.0 = Release|Any CPU
	EndGlobalSection
	GlobalSection(SolutionProperties) = preSolution
		HideSolutionNode = FALSE
	EndGlobalSection
	GlobalSection(NestedProjects) = preSolution
		{38696413-5D4D-4C4F-AE0A-01B3BB6BCC46} = {FCD0A0D4-0F7D-4BCA-B8B8-756815D87E3C}
		{CE6E497A-266D-4A63-8B37-C7F16547D784} = {FCD0A0D4-0F7D-4BCA-B8B8-756815D87E3C}
		{A7BA7161-1A0C-433C-8CEB-94848795E387} = {FCD0A0D4-0F7D-4BCA-B8B8-756815D87E3C}
		{9368CB53-892A-4508-A506-3F6D8BF0C28B} = {FCD0A0D4-0F7D-4BCA-B8B8-756815D87E3C}
		{7DED923E-241D-43AB-A08F-21171B6EC98E} = {FCD0A0D4-0F7D-4BCA-B8B8-756815D87E3C}
		{7E074923-9FA3-460A-AE68-89A93A5DF154} = {FCD0A0D4-0F7D-4BCA-B8B8-756815D87E3C}
		{5FD9A333-690D-4078-991F-EA84DA9A1CD9} = {027CD0CE-E769-4B1E-BC4D-F6D8A4567DE4}
	EndGlobalSection
	GlobalSection(ExtensibilityGlobals) = postSolution
		SolutionGuid = {C1DF8378-6592-4F57-A131-0536E0C57B76}
	EndGlobalSection
EndGlobal
